// !$*UTF8*$!
{
	archiveVersion = 1;
	classes = {
	};
	objectVersion = 46;
	objects = {

/* Begin PBXBuildFile section */
		920FA42E1C4160E5009C9DE2 /* MyCustomCell.m in Sources */ = {isa = PBXBuildFile; fileRef = 920FA42D1C4160E5009C9DE2 /* MyCustomCell.m */; };
		922840831C3323410054BE13 /* CollectionViewController.m in Sources */ = {isa = PBXBuildFile; fileRef = 922840821C3323410054BE13 /* CollectionViewController.m */; };
		924777BE1BFE78810077D501 /* main.m in Sources */ = {isa = PBXBuildFile; fileRef = 924777BD1BFE78810077D501 /* main.m */; };
		924777C11BFE78810077D501 /* AppDelegate.m in Sources */ = {isa = PBXBuildFile; fileRef = 924777C01BFE78810077D501 /* AppDelegate.m */; };
		924777C41BFE78810077D501 /* ViewController.m in Sources */ = {isa = PBXBuildFile; fileRef = 924777C31BFE78810077D501 /* ViewController.m */; };
		924777C71BFE78810077D501 /* Main.storyboard in Resources */ = {isa = PBXBuildFile; fileRef = 924777C51BFE78810077D501 /* Main.storyboard */; };
		924777C91BFE78810077D501 /* Assets.xcassets in Resources */ = {isa = PBXBuildFile; fileRef = 924777C81BFE78810077D501 /* Assets.xcassets */; };
		924777CC1BFE78810077D501 /* LaunchScreen.storyboard in Resources */ = {isa = PBXBuildFile; fileRef = 924777CA1BFE78810077D501 /* LaunchScreen.storyboard */; };
		924777D71BFE78810077D501 /* testVKprojectTests.m in Sources */ = {isa = PBXBuildFile; fileRef = 924777D61BFE78810077D501 /* testVKprojectTests.m */; };
		924777E21BFE78810077D501 /* testVKprojectUITests.m in Sources */ = {isa = PBXBuildFile; fileRef = 924777E11BFE78810077D501 /* testVKprojectUITests.m */; };
		924777F11BFE83280077D501 /* ViewControllerSecond.m in Sources */ = {isa = PBXBuildFile; fileRef = 924777F01BFE83280077D501 /* ViewControllerSecond.m */; };
		925ABA381C3A8ED400875325 /* ViewControllerThred.m in Sources */ = {isa = PBXBuildFile; fileRef = 925ABA371C3A8ED400875325 /* ViewControllerThred.m */; };
		926D6F031C58B89900FFA092 /* notavatar.jpeg in Resources */ = {isa = PBXBuildFile; fileRef = 926D6F021C58B89900FFA092 /* notavatar.jpeg */; };
		92962BB21C3DC981003761CB /* Messages.m in Sources */ = {isa = PBXBuildFile; fileRef = 92962BB11C3DC981003761CB /* Messages.m */; };
		92962BB51C3DCC97003761CB /* CollectionViewCell.m in Sources */ = {isa = PBXBuildFile; fileRef = 92962BB41C3DCC97003761CB /* CollectionViewCell.m */; };
		92962BB91C3DCEA4003761CB /* TakeMySelf.m in Sources */ = {isa = PBXBuildFile; fileRef = 92962BB81C3DCEA4003761CB /* TakeMySelf.m */; };
		92C350DF1C0F109E004F4CA6 /* User.m in Sources */ = {isa = PBXBuildFile; fileRef = 92C350DE1C0F109E004F4CA6 /* User.m */; };
		92C350E21C0F15E2004F4CA6 /* WorkAPI.m in Sources */ = {isa = PBXBuildFile; fileRef = 92C350E11C0F15E2004F4CA6 /* WorkAPI.m */; };
/* End PBXBuildFile section */

/* Begin PBXContainerItemProxy section */
		924777D31BFE78810077D501 /* PBXContainerItemProxy */ = {
			isa = PBXContainerItemProxy;
			containerPortal = 924777B11BFE78810077D501 /* Project object */;
			proxyType = 1;
			remoteGlobalIDString = 924777B81BFE78810077D501;
			remoteInfo = testVKproject;
		};
		924777DE1BFE78810077D501 /* PBXContainerItemProxy */ = {
			isa = PBXContainerItemProxy;
			containerPortal = 924777B11BFE78810077D501 /* Project object */;
			proxyType = 1;
			remoteGlobalIDString = 924777B81BFE78810077D501;
			remoteInfo = testVKproject;
		};
/* End PBXContainerItemProxy section */

/* Begin PBXFileReference section */
		920FA42C1C4160E5009C9DE2 /* MyCustomCell.h */ = {isa = PBXFileReference; fileEncoding = 4; lastKnownFileType = sourcecode.c.h; path = MyCustomCell.h; sourceTree = "<group>"; };
		920FA42D1C4160E5009C9DE2 /* MyCustomCell.m */ = {isa = PBXFileReference; fileEncoding = 4; lastKnownFileType = sourcecode.c.objc; path = MyCustomCell.m; sourceTree = "<group>"; };
		922840811C3323410054BE13 /* CollectionViewController.h */ = {isa = PBXFileReference; fileEncoding = 4; lastKnownFileType = sourcecode.c.h; path = CollectionViewController.h; sourceTree = "<group>"; };
		922840821C3323410054BE13 /* CollectionViewController.m */ = {isa = PBXFileReference; fileEncoding = 4; lastKnownFileType = sourcecode.c.objc; path = CollectionViewController.m; sourceTree = "<group>"; };
		924777B91BFE78810077D501 /* testVKproject.app */ = {isa = PBXFileReference; explicitFileType = wrapper.application; includeInIndex = 0; path = testVKproject.app; sourceTree = BUILT_PRODUCTS_DIR; };
		924777BD1BFE78810077D501 /* main.m */ = {isa = PBXFileReference; lastKnownFileType = sourcecode.c.objc; path = main.m; sourceTree = "<group>"; };
		924777BF1BFE78810077D501 /* AppDelegate.h */ = {isa = PBXFileReference; lastKnownFileType = sourcecode.c.h; path = AppDelegate.h; sourceTree = "<group>"; };
		924777C01BFE78810077D501 /* AppDelegate.m */ = {isa = PBXFileReference; lastKnownFileType = sourcecode.c.objc; path = AppDelegate.m; sourceTree = "<group>"; };
		924777C21BFE78810077D501 /* ViewController.h */ = {isa = PBXFileReference; lastKnownFileType = sourcecode.c.h; name = ViewController.h; path = testVKproject/ViewController.h; sourceTree = "<group>"; };
		924777C31BFE78810077D501 /* ViewController.m */ = {isa = PBXFileReference; lastKnownFileType = sourcecode.c.objc; name = ViewController.m; path = testVKproject/ViewController.m; sourceTree = "<group>"; };
		924777C61BFE78810077D501 /* Base */ = {isa = PBXFileReference; lastKnownFileType = file.storyboard; name = Base; path = Base.lproj/Main.storyboard; sourceTree = "<group>"; };
		924777C81BFE78810077D501 /* Assets.xcassets */ = {isa = PBXFileReference; lastKnownFileType = folder.assetcatalog; path = Assets.xcassets; sourceTree = "<group>"; };
		924777CB1BFE78810077D501 /* Base */ = {isa = PBXFileReference; lastKnownFileType = file.storyboard; name = Base; path = Base.lproj/LaunchScreen.storyboard; sourceTree = "<group>"; };
		924777CD1BFE78810077D501 /* Info.plist */ = {isa = PBXFileReference; lastKnownFileType = text.plist.xml; path = Info.plist; sourceTree = "<group>"; };
		924777D21BFE78810077D501 /* testVKprojectTests.xctest */ = {isa = PBXFileReference; explicitFileType = wrapper.cfbundle; includeInIndex = 0; path = testVKprojectTests.xctest; sourceTree = BUILT_PRODUCTS_DIR; };
		924777D61BFE78810077D501 /* testVKprojectTests.m */ = {isa = PBXFileReference; lastKnownFileType = sourcecode.c.objc; path = testVKprojectTests.m; sourceTree = "<group>"; };
		924777D81BFE78810077D501 /* Info.plist */ = {isa = PBXFileReference; lastKnownFileType = text.plist.xml; path = Info.plist; sourceTree = "<group>"; };
		924777DD1BFE78810077D501 /* testVKprojectUITests.xctest */ = {isa = PBXFileReference; explicitFileType = wrapper.cfbundle; includeInIndex = 0; path = testVKprojectUITests.xctest; sourceTree = BUILT_PRODUCTS_DIR; };
		924777E11BFE78810077D501 /* testVKprojectUITests.m */ = {isa = PBXFileReference; lastKnownFileType = sourcecode.c.objc; path = testVKprojectUITests.m; sourceTree = "<group>"; };
		924777E31BFE78810077D501 /* Info.plist */ = {isa = PBXFileReference; lastKnownFileType = text.plist.xml; path = Info.plist; sourceTree = "<group>"; };
		924777EF1BFE83280077D501 /* ViewControllerSecond.h */ = {isa = PBXFileReference; fileEncoding = 4; lastKnownFileType = sourcecode.c.h; path = ViewControllerSecond.h; sourceTree = "<group>"; };
		924777F01BFE83280077D501 /* ViewControllerSecond.m */ = {isa = PBXFileReference; fileEncoding = 4; lastKnownFileType = sourcecode.c.objc; path = ViewControllerSecond.m; sourceTree = "<group>"; };
		925ABA361C3A8ED400875325 /* ViewControllerThred.h */ = {isa = PBXFileReference; fileEncoding = 4; lastKnownFileType = sourcecode.c.h; path = ViewControllerThred.h; sourceTree = "<group>"; };
		925ABA371C3A8ED400875325 /* ViewControllerThred.m */ = {isa = PBXFileReference; fileEncoding = 4; lastKnownFileType = sourcecode.c.objc; path = ViewControllerThred.m; sourceTree = "<group>"; };
		926D6F021C58B89900FFA092 /* notavatar.jpeg */ = {isa = PBXFileReference; lastKnownFileType = image.jpeg; path = notavatar.jpeg; sourceTree = "<group>"; };
		92962BB01C3DC981003761CB /* Messages.h */ = {isa = PBXFileReference; fileEncoding = 4; lastKnownFileType = sourcecode.c.h; path = Messages.h; sourceTree = "<group>"; };
		92962BB11C3DC981003761CB /* Messages.m */ = {isa = PBXFileReference; fileEncoding = 4; lastKnownFileType = sourcecode.c.objc; path = Messages.m; sourceTree = "<group>"; };
		92962BB31C3DCC97003761CB /* CollectionViewCell.h */ = {isa = PBXFileReference; fileEncoding = 4; lastKnownFileType = sourcecode.c.h; path = CollectionViewCell.h; sourceTree = "<group>"; };
		92962BB41C3DCC97003761CB /* CollectionViewCell.m */ = {isa = PBXFileReference; fileEncoding = 4; lastKnownFileType = sourcecode.c.objc; path = CollectionViewCell.m; sourceTree = "<group>"; };
		92962BB71C3DCEA4003761CB /* TakeMySelf.h */ = {isa = PBXFileReference; fileEncoding = 4; lastKnownFileType = sourcecode.c.h; path = TakeMySelf.h; sourceTree = "<group>"; };
		92962BB81C3DCEA4003761CB /* TakeMySelf.m */ = {isa = PBXFileReference; fileEncoding = 4; lastKnownFileType = sourcecode.c.objc; path = TakeMySelf.m; sourceTree = "<group>"; };
		92C350DD1C0F109E004F4CA6 /* User.h */ = {isa = PBXFileReference; fileEncoding = 4; lastKnownFileType = sourcecode.c.h; path = User.h; sourceTree = "<group>"; };
		92C350DE1C0F109E004F4CA6 /* User.m */ = {isa = PBXFileReference; fileEncoding = 4; lastKnownFileType = sourcecode.c.objc; path = User.m; sourceTree = "<group>"; };
		92C350E01C0F15E2004F4CA6 /* WorkAPI.h */ = {isa = PBXFileReference; fileEncoding = 4; lastKnownFileType = sourcecode.c.h; path = WorkAPI.h; sourceTree = "<group>"; };
		92C350E11C0F15E2004F4CA6 /* WorkAPI.m */ = {isa = PBXFileReference; fileEncoding = 4; lastKnownFileType = sourcecode.c.objc; path = WorkAPI.m; sourceTree = "<group>"; };
/* End PBXFileReference section */

/* Begin PBXFrameworksBuildPhase section */
		924777B61BFE78810077D501 /* Frameworks */ = {
			isa = PBXFrameworksBuildPhase;
			buildActionMask = 2147483647;
			files = (
			);
			runOnlyForDeploymentPostprocessing = 0;
		};
		924777CF1BFE78810077D501 /* Frameworks */ = {
			isa = PBXFrameworksBuildPhase;
			buildActionMask = 2147483647;
			files = (
			);
			runOnlyForDeploymentPostprocessing = 0;
		};
		924777DA1BFE78810077D501 /* Frameworks */ = {
			isa = PBXFrameworksBuildPhase;
			buildActionMask = 2147483647;
			files = (
			);
			runOnlyForDeploymentPostprocessing = 0;
		};
/* End PBXFrameworksBuildPhase section */

/* Begin PBXGroup section */
		924777B01BFE78810077D501 = {
			isa = PBXGroup;
			children = (
				926D6F021C58B89900FFA092 /* notavatar.jpeg */,
				92962BB61C3DCD62003761CB /* OtherClasses */,
				92AAA8BC1C1606E200DA9545 /* Controlls */,
				92AAA8BB1C1606B100DA9545 /* API */,
				924777BB1BFE78810077D501 /* testVKproject */,
				924777D51BFE78810077D501 /* testVKprojectTests */,
				924777E01BFE78810077D501 /* testVKprojectUITests */,
				924777BA1BFE78810077D501 /* Products */,
			);
			sourceTree = "<group>";
		};
		924777BA1BFE78810077D501 /* Products */ = {
			isa = PBXGroup;
			children = (
				924777B91BFE78810077D501 /* testVKproject.app */,
				924777D21BFE78810077D501 /* testVKprojectTests.xctest */,
				924777DD1BFE78810077D501 /* testVKprojectUITests.xctest */,
			);
			name = Products;
			sourceTree = "<group>";
		};
		924777BB1BFE78810077D501 /* testVKproject */ = {
			isa = PBXGroup;
			children = (
				924777BF1BFE78810077D501 /* AppDelegate.h */,
				924777C01BFE78810077D501 /* AppDelegate.m */,
				924777C51BFE78810077D501 /* Main.storyboard */,
				924777C81BFE78810077D501 /* Assets.xcassets */,
				924777CA1BFE78810077D501 /* LaunchScreen.storyboard */,
				924777CD1BFE78810077D501 /* Info.plist */,
				924777BC1BFE78810077D501 /* Supporting Files */,
			);
			path = testVKproject;
			sourceTree = "<group>";
		};
		924777BC1BFE78810077D501 /* Supporting Files */ = {
			isa = PBXGroup;
			children = (
				924777BD1BFE78810077D501 /* main.m */,
			);
			name = "Supporting Files";
			sourceTree = "<group>";
		};
		924777D51BFE78810077D501 /* testVKprojectTests */ = {
			isa = PBXGroup;
			children = (
				924777D61BFE78810077D501 /* testVKprojectTests.m */,
				924777D81BFE78810077D501 /* Info.plist */,
			);
			path = testVKprojectTests;
			sourceTree = "<group>";
		};
		924777E01BFE78810077D501 /* testVKprojectUITests */ = {
			isa = PBXGroup;
			children = (
				924777E11BFE78810077D501 /* testVKprojectUITests.m */,
				924777E31BFE78810077D501 /* Info.plist */,
			);
			path = testVKprojectUITests;
			sourceTree = "<group>";
		};
		92962BB61C3DCD62003761CB /* OtherClasses */ = {
			isa = PBXGroup;
			children = (
				92962BB01C3DC981003761CB /* Messages.h */,
				92962BB11C3DC981003761CB /* Messages.m */,
			);
			name = OtherClasses;
			sourceTree = "<group>";
		};
		92AAA8BB1C1606B100DA9545 /* API */ = {
			isa = PBXGroup;
			children = (
				92C350DD1C0F109E004F4CA6 /* User.h */,
				92C350DE1C0F109E004F4CA6 /* User.m */,
				92C350E01C0F15E2004F4CA6 /* WorkAPI.h */,
				92C350E11C0F15E2004F4CA6 /* WorkAPI.m */,
				92962BB71C3DCEA4003761CB /* TakeMySelf.h */,
				92962BB81C3DCEA4003761CB /* TakeMySelf.m */,
			);
			name = API;
			sourceTree = "<group>";
		};
		92AAA8BC1C1606E200DA9545 /* Controlls */ = {
			isa = PBXGroup;
			children = (
				924777C21BFE78810077D501 /* ViewController.h */,
				924777C31BFE78810077D501 /* ViewController.m */,
				924777EF1BFE83280077D501 /* ViewControllerSecond.h */,
				924777F01BFE83280077D501 /* ViewControllerSecond.m */,
				925ABA361C3A8ED400875325 /* ViewControllerThred.h */,
				925ABA371C3A8ED400875325 /* ViewControllerThred.m */,
				920FA42C1C4160E5009C9DE2 /* MyCustomCell.h */,
				920FA42D1C4160E5009C9DE2 /* MyCustomCell.m */,
				922840811C3323410054BE13 /* CollectionViewController.h */,
				922840821C3323410054BE13 /* CollectionViewController.m */,
				92962BB31C3DCC97003761CB /* CollectionViewCell.h */,
				92962BB41C3DCC97003761CB /* CollectionViewCell.m */,
			);
			name = Controlls;
			sourceTree = "<group>";
		};
/* End PBXGroup section */

/* Begin PBXNativeTarget section */
		924777B81BFE78810077D501 /* testVKproject */ = {
			isa = PBXNativeTarget;
			buildConfigurationList = 924777E61BFE78810077D501 /* Build configuration list for PBXNativeTarget "testVKproject" */;
			buildPhases = (
				924777B51BFE78810077D501 /* Sources */,
				924777B61BFE78810077D501 /* Frameworks */,
				924777B71BFE78810077D501 /* Resources */,
			);
			buildRules = (
			);
			dependencies = (
			);
			name = testVKproject;
			productName = testVKproject;
			productReference = 924777B91BFE78810077D501 /* testVKproject.app */;
			productType = "com.apple.product-type.application";
		};
		924777D11BFE78810077D501 /* testVKprojectTests */ = {
			isa = PBXNativeTarget;
			buildConfigurationList = 924777E91BFE78810077D501 /* Build configuration list for PBXNativeTarget "testVKprojectTests" */;
			buildPhases = (
				924777CE1BFE78810077D501 /* Sources */,
				924777CF1BFE78810077D501 /* Frameworks */,
				924777D01BFE78810077D501 /* Resources */,
			);
			buildRules = (
			);
			dependencies = (
				924777D41BFE78810077D501 /* PBXTargetDependency */,
			);
			name = testVKprojectTests;
			productName = testVKprojectTests;
			productReference = 924777D21BFE78810077D501 /* testVKprojectTests.xctest */;
			productType = "com.apple.product-type.bundle.unit-test";
		};
		924777DC1BFE78810077D501 /* testVKprojectUITests */ = {
			isa = PBXNativeTarget;
			buildConfigurationList = 924777EC1BFE78810077D501 /* Build configuration list for PBXNativeTarget "testVKprojectUITests" */;
			buildPhases = (
				924777D91BFE78810077D501 /* Sources */,
				924777DA1BFE78810077D501 /* Frameworks */,
				924777DB1BFE78810077D501 /* Resources */,
			);
			buildRules = (
			);
			dependencies = (
				924777DF1BFE78810077D501 /* PBXTargetDependency */,
			);
			name = testVKprojectUITests;
			productName = testVKprojectUITests;
			productReference = 924777DD1BFE78810077D501 /* testVKprojectUITests.xctest */;
			productType = "com.apple.product-type.bundle.ui-testing";
		};
/* End PBXNativeTarget section */

/* Begin PBXProject section */
		924777B11BFE78810077D501 /* Project object */ = {
			isa = PBXProject;
			attributes = {
				LastUpgradeCheck = 0710;
				ORGANIZATIONNAME = Alexonis;
				TargetAttributes = {
					924777B81BFE78810077D501 = {
						CreatedOnToolsVersion = 7.1.1;
					};
					924777D11BFE78810077D501 = {
						CreatedOnToolsVersion = 7.1.1;
						TestTargetID = 924777B81BFE78810077D501;
					};
					924777DC1BFE78810077D501 = {
						CreatedOnToolsVersion = 7.1.1;
						TestTargetID = 924777B81BFE78810077D501;
					};
				};
			};
			buildConfigurationList = 924777B41BFE78810077D501 /* Build configuration list for PBXProject "testVKproject" */;
			compatibilityVersion = "Xcode 3.2";
			developmentRegion = English;
			hasScannedForEncodings = 0;
			knownRegions = (
				en,
				Base,
			);
			mainGroup = 924777B01BFE78810077D501;
			productRefGroup = 924777BA1BFE78810077D501 /* Products */;
			projectDirPath = "";
			projectRoot = "";
			targets = (
				924777B81BFE78810077D501 /* testVKproject */,
				924777D11BFE78810077D501 /* testVKprojectTests */,
				924777DC1BFE78810077D501 /* testVKprojectUITests */,
			);
		};
/* End PBXProject section */

/* Begin PBXResourcesBuildPhase section */
		924777B71BFE78810077D501 /* Resources */ = {
			isa = PBXResourcesBuildPhase;
			buildActionMask = 2147483647;
			files = (
				924777CC1BFE78810077D501 /* LaunchScreen.storyboard in Resources */,
				924777C91BFE78810077D501 /* Assets.xcassets in Resources */,
				926D6F031C58B89900FFA092 /* notavatar.jpeg in Resources */,
				924777C71BFE78810077D501 /* Main.storyboard in Resources */,
			);
			runOnlyForDeploymentPostprocessing = 0;
		};
		924777D01BFE78810077D501 /* Resources */ = {
			isa = PBXResourcesBuildPhase;
			buildActionMask = 2147483647;
			files = (
			);
			runOnlyForDeploymentPostprocessing = 0;
		};
		924777DB1BFE78810077D501 /* Resources */ = {
			isa = PBXResourcesBuildPhase;
			buildActionMask = 2147483647;
			files = (
			);
			runOnlyForDeploymentPostprocessing = 0;
		};
/* End PBXResourcesBuildPhase section */

/* Begin PBXSourcesBuildPhase section */
		924777B51BFE78810077D501 /* Sources */ = {
			isa = PBXSourcesBuildPhase;
			buildActionMask = 2147483647;
			files = (
				92962BB91C3DCEA4003761CB /* TakeMySelf.m in Sources */,
				925ABA381C3A8ED400875325 /* ViewControllerThred.m in Sources */,
				92C350DF1C0F109E004F4CA6 /* User.m in Sources */,
				922840831C3323410054BE13 /* CollectionViewController.m in Sources */,
				92962BB21C3DC981003761CB /* Messages.m in Sources */,
				924777F11BFE83280077D501 /* ViewControllerSecond.m in Sources */,
				920FA42E1C4160E5009C9DE2 /* MyCustomCell.m in Sources */,
				924777C41BFE78810077D501 /* ViewController.m in Sources */,
				92962BB51C3DCC97003761CB /* CollectionViewCell.m in Sources */,
				924777C11BFE78810077D501 /* AppDelegate.m in Sources */,
				924777BE1BFE78810077D501 /* main.m in Sources */,
				92C350E21C0F15E2004F4CA6 /* WorkAPI.m in Sources */,
			);
			runOnlyForDeploymentPostprocessing = 0;
		};
		924777CE1BFE78810077D501 /* Sources */ = {
			isa = PBXSourcesBuildPhase;
			buildActionMask = 2147483647;
			files = (
				924777D71BFE78810077D501 /* testVKprojectTests.m in Sources */,
			);
			runOnlyForDeploymentPostprocessing = 0;
		};
		924777D91BFE78810077D501 /* Sources */ = {
			isa = PBXSourcesBuildPhase;
			buildActionMask = 2147483647;
			files = (
				924777E21BFE78810077D501 /* testVKprojectUITests.m in Sources */,
			);
			runOnlyForDeploymentPostprocessing = 0;
		};
/* End PBXSourcesBuildPhase section */

/* Begin PBXTargetDependency section */
		924777D41BFE78810077D501 /* PBXTargetDependency */ = {
			isa = PBXTargetDependency;
			target = 924777B81BFE78810077D501 /* testVKproject */;
			targetProxy = 924777D31BFE78810077D501 /* PBXContainerItemProxy */;
		};
		924777DF1BFE78810077D501 /* PBXTargetDependency */ = {
			isa = PBXTargetDependency;
			target = 924777B81BFE78810077D501 /* testVKproject */;
			targetProxy = 924777DE1BFE78810077D501 /* PBXContainerItemProxy */;
		};
/* End PBXTargetDependency section */

/* Begin PBXVariantGroup section */
		924777C51BFE78810077D501 /* Main.storyboard */ = {
			isa = PBXVariantGroup;
			children = (
				924777C61BFE78810077D501 /* Base */,
			);
			name = Main.storyboard;
			sourceTree = "<group>";
		};
		924777CA1BFE78810077D501 /* LaunchScreen.storyboard */ = {
			isa = PBXVariantGroup;
			children = (
				924777CB1BFE78810077D501 /* Base */,
			);
			name = LaunchScreen.storyboard;
			sourceTree = "<group>";
		};
/* End PBXVariantGroup section */

/* Begin XCBuildConfiguration section */
		924777E41BFE78810077D501 /* Debug */ = {
			isa = XCBuildConfiguration;
			buildSettings = {
				ALWAYS_SEARCH_USER_PATHS = NO;
				CLANG_CXX_LANGUAGE_STANDARD = "gnu++0x";
				CLANG_CXX_LIBRARY = "libc++";
				CLANG_ENABLE_MODULES = YES;
				CLANG_ENABLE_OBJC_ARC = YES;
				CLANG_WARN_BOOL_CONVERSION = YES;
				CLANG_WARN_CONSTANT_CONVERSION = YES;
				CLANG_WARN_DIRECT_OBJC_ISA_USAGE = YES_ERROR;
				CLANG_WARN_EMPTY_BODY = YES;
				CLANG_WARN_ENUM_CONVERSION = YES;
				CLANG_WARN_INT_CONVERSION = YES;
				CLANG_WARN_OBJC_ROOT_CLASS = YES_ERROR;
				CLANG_WARN_UNREACHABLE_CODE = YES;
				CLANG_WARN__DUPLICATE_METHOD_MATCH = YES;
				"CODE_SIGN_IDENTITY[sdk=iphoneos*]" = "iPhone Developer";
				COPY_PHASE_STRIP = NO;
				DEBUG_INFORMATION_FORMAT = dwarf;
				ENABLE_STRICT_OBJC_MSGSEND = YES;
				ENABLE_TESTABILITY = YES;
				GCC_C_LANGUAGE_STANDARD = gnu99;
				GCC_DYNAMIC_NO_PIC = NO;
				GCC_NO_COMMON_BLOCKS = YES;
				GCC_OPTIMIZATION_LEVEL = 0;
				GCC_PREPROCESSOR_DEFINITIONS = (
					"DEBUG=1",
					"$(inherited)",
				);
				GCC_WARN_64_TO_32_BIT_CONVERSION = YES;
				GCC_WARN_ABOUT_RETURN_TYPE = YES_ERROR;
				GCC_WARN_UNDECLARED_SELECTOR = YES;
				GCC_WARN_UNINITIALIZED_AUTOS = YES_AGGRESSIVE;
				GCC_WARN_UNUSED_FUNCTION = YES;
				GCC_WARN_UNUSED_VARIABLE = YES;
				IPHONEOS_DEPLOYMENT_TARGET = 9.1;
				MTL_ENABLE_DEBUG_INFO = YES;
				ONLY_ACTIVE_ARCH = YES;
				SDKROOT = iphoneos;
				TARGETED_DEVICE_FAMILY = "1,2";
			};
			name = Debug;
		};
		924777E51BFE78810077D501 /* Release */ = {
			isa = XCBuildConfiguration;
			buildSettings = {
				ALWAYS_SEARCH_USER_PATHS = NO;
				CLANG_CXX_LANGUAGE_STANDARD = "gnu++0x";
				CLANG_CXX_LIBRARY = "libc++";
				CLANG_ENABLE_MODULES = YES;
				CLANG_ENABLE_OBJC_ARC = YES;
				CLANG_WARN_BOOL_CONVERSION = YES;
				CLANG_WARN_CONSTANT_CONVERSION = YES;
				CLANG_WARN_DIRECT_OBJC_ISA_USAGE = YES_ERROR;
				CLANG_WARN_EMPTY_BODY = YES;
				CLANG_WARN_ENUM_CONVERSION = YES;
				CLANG_WARN_INT_CONVERSION = YES;
				CLANG_WARN_OBJC_ROOT_CLASS = YES_ERROR;
				CLANG_WARN_UNREACHABLE_CODE = YES;
				CLANG_WARN__DUPLICATE_METHOD_MATCH = YES;
				"CODE_SIGN_IDENTITY[sdk=iphoneos*]" = "iPhone Developer";
				COPY_PHASE_STRIP = NO;
				DEBUG_INFORMATION_FORMAT = "dwarf-with-dsym";
				ENABLE_NS_ASSERTIONS = NO;
				ENABLE_STRICT_OBJC_MSGSEND = YES;
				GCC_C_LANGUAGE_STANDARD = gnu99;
				GCC_NO_COMMON_BLOCKS = YES;
				GCC_WARN_64_TO_32_BIT_CONVERSION = YES;
				GCC_WARN_ABOUT_RETURN_TYPE = YES_ERROR;
				GCC_WARN_UNDECLARED_SELECTOR = YES;
				GCC_WARN_UNINITIALIZED_AUTOS = YES_AGGRESSIVE;
				GCC_WARN_UNUSED_FUNCTION = YES;
				GCC_WARN_UNUSED_VARIABLE = YES;
				IPHONEOS_DEPLOYMENT_TARGET = 9.1;
				MTL_ENABLE_DEBUG_INFO = NO;
				SDKROOT = iphoneos;
				TARGETED_DEVICE_FAMILY = "1,2";
				VALIDATE_PRODUCT = YES;
			};
			name = Release;
		};
		924777E71BFE78810077D501 /* Debug */ = {
			isa = XCBuildConfiguration;
			buildSettings = {
				ASSETCATALOG_COMPILER_APPICON_NAME = AppIcon;
				GCC_NO_COMMON_BLOCKS = NO;
				INFOPLIST_FILE = testVKproject/Info.plist;
				OTHER_LDFLAGS = (
					"$(OTHER_LDFLAGS)",
					"-ObjC",
				);
				PRODUCT_BUNDLE_IDENTIFIER = "-.testVKproject";
				PRODUCT_NAME = "$(TARGET_NAME)";
			};
			name = Debug;
		};
		924777E81BFE78810077D501 /* Release */ = {
			isa = XCBuildConfiguration;
			buildSettings = {
				ASSETCATALOG_COMPILER_APPICON_NAME = AppIcon;
				GCC_NO_COMMON_BLOCKS = NO;
				INFOPLIST_FILE = testVKproject/Info.plist;
				OTHER_LDFLAGS = (
					"$(OTHER_LDFLAGS)",
					"-ObjC",
				);
				PRODUCT_BUNDLE_IDENTIFIER = "-.testVKproject";
				PRODUCT_NAME = "$(TARGET_NAME)";
			};
			name = Release;
		};
		924777EA1BFE78810077D501 /* Debug */ = {
			isa = XCBuildConfiguration;
			buildSettings = {
				BUNDLE_LOADER = "$(TEST_HOST)";
				INFOPLIST_FILE = testVKprojectTests/Info.plist;
				LD_RUNPATH_SEARCH_PATHS = "$(inherited) @executable_path/Frameworks @loader_path/Frameworks";
				PRODUCT_BUNDLE_IDENTIFIER = "-.testVKprojectTests";
				PRODUCT_NAME = "$(TARGET_NAME)";
				TEST_HOST = "$(BUILT_PRODUCTS_DIR)/testVKproject.app/testVKproject";
			};
			name = Debug;
		};
		924777EB1BFE78810077D501 /* Release */ = {
			isa = XCBuildConfiguration;
			buildSettings = {
				BUNDLE_LOADER = "$(TEST_HOST)";
				INFOPLIST_FILE = testVKprojectTests/Info.plist;
				LD_RUNPATH_SEARCH_PATHS = "$(inherited) @executable_path/Frameworks @loader_path/Frameworks";
				PRODUCT_BUNDLE_IDENTIFIER = "-.testVKprojectTests";
				PRODUCT_NAME = "$(TARGET_NAME)";
				TEST_HOST = "$(BUILT_PRODUCTS_DIR)/testVKproject.app/testVKproject";
			};
			name = Release;
		};
		924777ED1BFE78810077D501 /* Debug */ = {
			isa = XCBuildConfiguration;
			buildSettings = {
				INFOPLIST_FILE = testVKprojectUITests/Info.plist;
				LD_RUNPATH_SEARCH_PATHS = "$(inherited) @executable_path/Frameworks @loader_path/Frameworks";
				PRODUCT_BUNDLE_IDENTIFIER = "-.testVKprojectUITests";
				PRODUCT_NAME = "$(TARGET_NAME)";
				TEST_TARGET_NAME = testVKproject;
				USES_XCTRUNNER = YES;
			};
			name = Debug;
		};
		924777EE1BFE78810077D501 /* Release */ = {
			isa = XCBuildConfiguration;
			buildSettings = {
				INFOPLIST_FILE = testVKprojectUITests/Info.plist;
				LD_RUNPATH_SEARCH_PATHS = "$(inherited) @executable_path/Frameworks @loader_path/Frameworks";
				PRODUCT_BUNDLE_IDENTIFIER = "-.testVKprojectUITests";
				PRODUCT_NAME = "$(TARGET_NAME)";
				TEST_TARGET_NAME = testVKproject;
				USES_XCTRUNNER = YES;
			};
			name = Release;
		};
/* End XCBuildConfiguration section */

/* Begin XCConfigurationList section */
		924777B41BFE78810077D501 /* Build configuration list for PBXProject "testVKproject" */ = {
			isa = XCConfigurationList;
			buildConfigurations = (
				924777E41BFE78810077D501 /* Debug */,
				924777E51BFE78810077D501 /* Release */,
			);
			defaultConfigurationIsVisible = 0;
			defaultConfigurationName = Release;
		};
		924777E61BFE78810077D501 /* Build configuration list for PBXNativeTarget "testVKproject" */ = {
			isa = XCConfigurationList;
			buildConfigurations = (
				924777E71BFE78810077D501 /* Debug */,
				924777E81BFE78810077D501 /* Release */,
			);
			defaultConfigurationIsVisible = 0;
			defaultConfigurationName = Release;
		};
		924777E91BFE78810077D501 /* Build configuration list for PBXNativeTarget "testVKprojectTests" */ = {
			isa = XCConfigurationList;
			buildConfigurations = (
				924777EA1BFE78810077D501 /* Debug */,
				924777EB1BFE78810077D501 /* Release */,
			);
			defaultConfigurationIsVisible = 0;
			defaultConfigurationName = Release;
		};
		924777EC1BFE78810077D501 /* Build configuration list for PBXNativeTarget "testVKprojectUITests" */ = {
			isa = XCConfigurationList;
			buildConfigurations = (
				924777ED1BFE78810077D501 /* Debug */,
				924777EE1BFE78810077D501 /* Release */,
			);
			defaultConfigurationIsVisible = 0;
			defaultConfigurationName = Release;
		};
/* End XCConfigurationList section */
	};
	rootObject = 924777B11BFE78810077D501 /* Project object */;
}
